
Microsoft Visual Studio Solution File, Format Version 12.00
# Visual Studio Version 16
VisualStudioVersion = 16.0.29020.237
MinimumVisualStudioVersion = 10.0.40219.1
Project("{FAE04EC0-301F-11D3-BF4B-00C04F79EFBC}") = "MyDiet", "MyDiet\MyDiet.csproj", "{23669224-7548-45D9-863E-14C867D2F7F7}"
EndProject
Project("{FAE04EC0-301F-11D3-BF4B-00C04F79EFBC}") = "MyDiet.DTO", "MyDiet.DTO\MyDiet.DTO.csproj", "{D3FB445F-EB93-4A4C-9B10-39210662918A}"
EndProject
Global
	GlobalSection(SolutionConfigurationPlatforms) = preSolution
		Debug|Any CPU = Debug|Any CPU
		Release|Any CPU = Release|Any CPU
	EndGlobalSection
	GlobalSection(ProjectConfigurationPlatforms) = postSolution
		{23669224-7548-45D9-863E-14C867D2F7F7}.Debug|Any CPU.ActiveCfg = Debug|Any CPU
		{23669224-7548-45D9-863E-14C867D2F7F7}.Debug|Any CPU.Build.0 = Debug|Any CPU
		{23669224-7548-45D9-863E-14C867D2F7F7}.Release|Any CPU.ActiveCfg = Release|Any CPU
		{23669224-7548-45D9-863E-14C867D2F7F7}.Release|Any CPU.Build.0 = Release|Any CPU
		{D3FB445F-EB93-4A4C-9B10-39210662918A}.Debug|Any CPU.ActiveCfg = Debug|Any CPU
		{D3FB445F-EB93-4A4C-9B10-39210662918A}.Debug|Any CPU.Build.0 = Debug|Any CPU
		{D3FB445F-EB93-4A4C-9B10-39210662918A}.Release|Any CPU.ActiveCfg = Release|Any CPU
		{D3FB445F-EB93-4A4C-9B10-39210662918A}.Release|Any CPU.Build.0 = Release|Any CPU
	EndGlobalSection
	GlobalSection(SolutionProperties) = preSolution
		HideSolutionNode = FALSE
	EndGlobalSection
	GlobalSection(ExtensibilityGlobals) = postSolution
		SolutionGuid = {F7C30D65-6A4F-46AC-8C16-05DB70DF58BD}
	EndGlobalSection
EndGlobal
